// !$*UTF8*$!
{
	archiveVersion = 1;
	classes = {
	};
	objectVersion = 56;
	objects = {

/* Begin PBXBuildFile section */
		4678BBF22C3B38ED003D8259 /* DayBoxView.swift in Sources */ = {isa = PBXBuildFile; fileRef = 4678BBF12C3B38ED003D8259 /* DayBoxView.swift */; };
		4678BBF42C3B3DB6003D8259 /* MockTask.swift in Sources */ = {isa = PBXBuildFile; fileRef = 4678BBF32C3B3DB6003D8259 /* MockTask.swift */; };
		4678BBF62C3D3D39003D8259 /* TimeBoxView.swift in Sources */ = {isa = PBXBuildFile; fileRef = 4678BBF52C3D3D39003D8259 /* TimeBoxView.swift */; };
		4678BBF82C3D3F39003D8259 /* TaskNameAndDescriptionBoxView.swift in Sources */ = {isa = PBXBuildFile; fileRef = 4678BBF72C3D3F39003D8259 /* TaskNameAndDescriptionBoxView.swift */; };
		4678BBFA2C3D4668003D8259 /* PriorityBoxView.swift in Sources */ = {isa = PBXBuildFile; fileRef = 4678BBF92C3D4668003D8259 /* PriorityBoxView.swift */; };
		4678BBFC2C3D4772003D8259 /* TaskDateAndTimeBoxView.swift in Sources */ = {isa = PBXBuildFile; fileRef = 4678BBFB2C3D4772003D8259 /* TaskDateAndTimeBoxView.swift */; };
		468714C02C3DA513003DCD57 /* AppButton.swift in Sources */ = {isa = PBXBuildFile; fileRef = 468714BF2C3DA513003DCD57 /* AppButton.swift */; };
		46FAD75A2C314AD1009704CD /* Tick_TaskApp.swift in Sources */ = {isa = PBXBuildFile; fileRef = 46FAD7592C314AD1009704CD /* Tick_TaskApp.swift */; };
		46FAD75C2C314AD1009704CD /* MainScreen.swift in Sources */ = {isa = PBXBuildFile; fileRef = 46FAD75B2C314AD1009704CD /* MainScreen.swift */; };
		46FAD75E2C314AD3009704CD /* Assets.xcassets in Resources */ = {isa = PBXBuildFile; fileRef = 46FAD75D2C314AD3009704CD /* Assets.xcassets */; };
		46FAD7612C314AD3009704CD /* Preview Assets.xcassets in Resources */ = {isa = PBXBuildFile; fileRef = 46FAD7602C314AD3009704CD /* Preview Assets.xcassets */; };
		46FAD76F2C315E65009704CD /* AddTaskView.swift in Sources */ = {isa = PBXBuildFile; fileRef = 46FAD76E2C315E65009704CD /* AddTaskView.swift */; };
		46FAD7712C31847C009704CD /* EditTaskView.swift in Sources */ = {isa = PBXBuildFile; fileRef = 46FAD7702C31847C009704CD /* EditTaskView.swift */; };
		46FAD7742C319DEE009704CD /* TickTask.xcdatamodeld in Sources */ = {isa = PBXBuildFile; fileRef = 46FAD7722C319DEE009704CD /* TickTask.xcdatamodeld */; };
		46FAD7762C319EF1009704CD /* PersistenceController.swift in Sources */ = {isa = PBXBuildFile; fileRef = 46FAD7752C319EF1009704CD /* PersistenceController.swift */; };
		46FAD7782C341ACD009704CD /* TaskListView.swift in Sources */ = {isa = PBXBuildFile; fileRef = 46FAD7772C341ACD009704CD /* TaskListView.swift */; };
		46FAD77A2C36B044009704CD /* TaskRow.swift in Sources */ = {isa = PBXBuildFile; fileRef = 46FAD7792C36B044009704CD /* TaskRow.swift */; };
		46FAD77C2C36D5B6009704CD /* PreviousTasksListView.swift in Sources */ = {isa = PBXBuildFile; fileRef = 46FAD77B2C36D5B6009704CD /* PreviousTasksListView.swift */; };
/* End PBXBuildFile section */

/* Begin PBXFileReference section */
		4678BBF12C3B38ED003D8259 /* DayBoxView.swift */ = {isa = PBXFileReference; lastKnownFileType = sourcecode.swift; path = DayBoxView.swift; sourceTree = "<group>"; };
		4678BBF32C3B3DB6003D8259 /* MockTask.swift */ = {isa = PBXFileReference; lastKnownFileType = sourcecode.swift; path = MockTask.swift; sourceTree = "<group>"; };
		4678BBF52C3D3D39003D8259 /* TimeBoxView.swift */ = {isa = PBXFileReference; lastKnownFileType = sourcecode.swift; path = TimeBoxView.swift; sourceTree = "<group>"; };
		4678BBF72C3D3F39003D8259 /* TaskNameAndDescriptionBoxView.swift */ = {isa = PBXFileReference; lastKnownFileType = sourcecode.swift; path = TaskNameAndDescriptionBoxView.swift; sourceTree = "<group>"; };
		4678BBF92C3D4668003D8259 /* PriorityBoxView.swift */ = {isa = PBXFileReference; lastKnownFileType = sourcecode.swift; path = PriorityBoxView.swift; sourceTree = "<group>"; };
		4678BBFB2C3D4772003D8259 /* TaskDateAndTimeBoxView.swift */ = {isa = PBXFileReference; lastKnownFileType = sourcecode.swift; path = TaskDateAndTimeBoxView.swift; sourceTree = "<group>"; };
		468714BF2C3DA513003DCD57 /* AppButton.swift */ = {isa = PBXFileReference; lastKnownFileType = sourcecode.swift; path = AppButton.swift; sourceTree = "<group>"; };
		46FAD7562C314AD1009704CD /* Tick Task.app */ = {isa = PBXFileReference; explicitFileType = wrapper.application; includeInIndex = 0; path = "Tick Task.app"; sourceTree = BUILT_PRODUCTS_DIR; };
		46FAD7592C314AD1009704CD /* Tick_TaskApp.swift */ = {isa = PBXFileReference; lastKnownFileType = sourcecode.swift; path = Tick_TaskApp.swift; sourceTree = "<group>"; };
		46FAD75B2C314AD1009704CD /* MainScreen.swift */ = {isa = PBXFileReference; lastKnownFileType = sourcecode.swift; path = MainScreen.swift; sourceTree = "<group>"; };
		46FAD75D2C314AD3009704CD /* Assets.xcassets */ = {isa = PBXFileReference; lastKnownFileType = folder.assetcatalog; path = Assets.xcassets; sourceTree = "<group>"; };
		46FAD7602C314AD3009704CD /* Preview Assets.xcassets */ = {isa = PBXFileReference; lastKnownFileType = folder.assetcatalog; path = "Preview Assets.xcassets"; sourceTree = "<group>"; };
		46FAD76E2C315E65009704CD /* AddTaskView.swift */ = {isa = PBXFileReference; lastKnownFileType = sourcecode.swift; path = AddTaskView.swift; sourceTree = "<group>"; };
		46FAD7702C31847C009704CD /* EditTaskView.swift */ = {isa = PBXFileReference; lastKnownFileType = sourcecode.swift; path = EditTaskView.swift; sourceTree = "<group>"; };
		46FAD7732C319DEE009704CD /* TickTask.xcdatamodel */ = {isa = PBXFileReference; lastKnownFileType = wrapper.xcdatamodel; path = TickTask.xcdatamodel; sourceTree = "<group>"; };
		46FAD7752C319EF1009704CD /* PersistenceController.swift */ = {isa = PBXFileReference; lastKnownFileType = sourcecode.swift; path = PersistenceController.swift; sourceTree = "<group>"; };
		46FAD7772C341ACD009704CD /* TaskListView.swift */ = {isa = PBXFileReference; lastKnownFileType = sourcecode.swift; path = TaskListView.swift; sourceTree = "<group>"; };
		46FAD7792C36B044009704CD /* TaskRow.swift */ = {isa = PBXFileReference; lastKnownFileType = sourcecode.swift; path = TaskRow.swift; sourceTree = "<group>"; };
		46FAD77B2C36D5B6009704CD /* PreviousTasksListView.swift */ = {isa = PBXFileReference; lastKnownFileType = sourcecode.swift; path = PreviousTasksListView.swift; sourceTree = "<group>"; };
/* End PBXFileReference section */

/* Begin PBXFrameworksBuildPhase section */
		46FAD7532C314AD1009704CD /* Frameworks */ = {
			isa = PBXFrameworksBuildPhase;
			buildActionMask = 2147483647;
			files = (
			);
			runOnlyForDeploymentPostprocessing = 0;
		};
/* End PBXFrameworksBuildPhase section */

/* Begin PBXGroup section */
		4678BC052C3D5149003D8259 /* Screens */ = {
			isa = PBXGroup;
			children = (
				46FAD75B2C314AD1009704CD /* MainScreen.swift */,
				46FAD76E2C315E65009704CD /* AddTaskView.swift */,
				46FAD7702C31847C009704CD /* EditTaskView.swift */,
				46FAD77B2C36D5B6009704CD /* PreviousTasksListView.swift */,
			);
			path = Screens;
			sourceTree = "<group>";
		};
		4678BC062C3D5194003D8259 /* Buttons */ = {
			isa = PBXGroup;
			children = (
				468714BF2C3DA513003DCD57 /* AppButton.swift */,
			);
			path = Buttons;
			sourceTree = "<group>";
		};
		4678BC072C3D51BA003D8259 /* Boxes */ = {
			isa = PBXGroup;
			children = (
				4678BBF12C3B38ED003D8259 /* DayBoxView.swift */,
				4678BBF52C3D3D39003D8259 /* TimeBoxView.swift */,
				4678BBF72C3D3F39003D8259 /* TaskNameAndDescriptionBoxView.swift */,
				4678BBFB2C3D4772003D8259 /* TaskDateAndTimeBoxView.swift */,
				4678BBF92C3D4668003D8259 /* PriorityBoxView.swift */,
			);
			path = Boxes;
			sourceTree = "<group>";
		};
		46FAD74D2C314AD1009704CD = {
			isa = PBXGroup;
			children = (
				46FAD7582C314AD1009704CD /* Tick Task */,
				46FAD7572C314AD1009704CD /* Products */,
			);
			sourceTree = "<group>";
		};
		46FAD7572C314AD1009704CD /* Products */ = {
			isa = PBXGroup;
			children = (
				46FAD7562C314AD1009704CD /* Tick Task.app */,
			);
			name = Products;
			sourceTree = "<group>";
		};
		46FAD7582C314AD1009704CD /* Tick Task */ = {
			isa = PBXGroup;
			children = (
				46FAD7722C319DEE009704CD /* TickTask.xcdatamodeld */,
				4678BC052C3D5149003D8259 /* Screens */,
				46FAD7672C314C4D009704CD /* Model */,
				46FAD7682C314C56009704CD /* Views */,
				46FAD7592C314AD1009704CD /* Tick_TaskApp.swift */,
				46FAD75D2C314AD3009704CD /* Assets.xcassets */,
				46FAD75F2C314AD3009704CD /* Preview Content */,
				46FAD7752C319EF1009704CD /* PersistenceController.swift */,
			);
			path = "Tick Task";
			sourceTree = "<group>";
		};
		46FAD75F2C314AD3009704CD /* Preview Content */ = {
			isa = PBXGroup;
			children = (
				46FAD7602C314AD3009704CD /* Preview Assets.xcassets */,
			);
			path = "Preview Content";
			sourceTree = "<group>";
		};
		46FAD7672C314C4D009704CD /* Model */ = {
			isa = PBXGroup;
			children = (
				4678BBF32C3B3DB6003D8259 /* MockTask.swift */,
			);
			path = Model;
			sourceTree = "<group>";
		};
		46FAD7682C314C56009704CD /* Views */ = {
			isa = PBXGroup;
			children = (
				4678BC072C3D51BA003D8259 /* Boxes */,
				4678BC062C3D5194003D8259 /* Buttons */,
				46FAD7772C341ACD009704CD /* TaskListView.swift */,
				46FAD7792C36B044009704CD /* TaskRow.swift */,
			);
			path = Views;
			sourceTree = "<group>";
		};
/* End PBXGroup section */

/* Begin PBXNativeTarget section */
		46FAD7552C314AD1009704CD /* Tick Task */ = {
			isa = PBXNativeTarget;
			buildConfigurationList = 46FAD7642C314AD3009704CD /* Build configuration list for PBXNativeTarget "Tick Task" */;
			buildPhases = (
				46FAD7522C314AD1009704CD /* Sources */,
				46FAD7532C314AD1009704CD /* Frameworks */,
				46FAD7542C314AD1009704CD /* Resources */,
			);
			buildRules = (
			);
			dependencies = (
			);
			name = "Tick Task";
			productName = "Tick Task";
			productReference = 46FAD7562C314AD1009704CD /* Tick Task.app */;
			productType = "com.apple.product-type.application";
		};
/* End PBXNativeTarget section */

/* Begin PBXProject section */
		46FAD74E2C314AD1009704CD /* Project object */ = {
			isa = PBXProject;
			attributes = {
				BuildIndependentTargetsInParallel = 1;
				LastSwiftUpdateCheck = 1540;
				LastUpgradeCheck = 1540;
				TargetAttributes = {
					46FAD7552C314AD1009704CD = {
						CreatedOnToolsVersion = 15.4;
					};
				};
			};
			buildConfigurationList = 46FAD7512C314AD1009704CD /* Build configuration list for PBXProject "Tick Task" */;
			compatibilityVersion = "Xcode 14.0";
			developmentRegion = en;
			hasScannedForEncodings = 0;
			knownRegions = (
				en,
				Base,
			);
			mainGroup = 46FAD74D2C314AD1009704CD;
			productRefGroup = 46FAD7572C314AD1009704CD /* Products */;
			projectDirPath = "";
			projectRoot = "";
			targets = (
				46FAD7552C314AD1009704CD /* Tick Task */,
			);
		};
/* End PBXProject section */

/* Begin PBXResourcesBuildPhase section */
		46FAD7542C314AD1009704CD /* Resources */ = {
			isa = PBXResourcesBuildPhase;
			buildActionMask = 2147483647;
			files = (
				46FAD7612C314AD3009704CD /* Preview Assets.xcassets in Resources */,
				46FAD75E2C314AD3009704CD /* Assets.xcassets in Resources */,
			);
			runOnlyForDeploymentPostprocessing = 0;
		};
/* End PBXResourcesBuildPhase section */

/* Begin PBXSourcesBuildPhase section */
		46FAD7522C314AD1009704CD /* Sources */ = {
			isa = PBXSourcesBuildPhase;
			buildActionMask = 2147483647;
			files = (
				4678BBFC2C3D4772003D8259 /* TaskDateAndTimeBoxView.swift in Sources */,
				46FAD75C2C314AD1009704CD /* MainScreen.swift in Sources */,
				46FAD76F2C315E65009704CD /* AddTaskView.swift in Sources */,
				46FAD7712C31847C009704CD /* EditTaskView.swift in Sources */,
				46FAD77C2C36D5B6009704CD /* PreviousTasksListView.swift in Sources */,
				46FAD77A2C36B044009704CD /* TaskRow.swift in Sources */,
				4678BBF42C3B3DB6003D8259 /* MockTask.swift in Sources */,
				4678BBFA2C3D4668003D8259 /* PriorityBoxView.swift in Sources */,
				46FAD7762C319EF1009704CD /* PersistenceController.swift in Sources */,
				46FAD75A2C314AD1009704CD /* Tick_TaskApp.swift in Sources */,
				46FAD7742C319DEE009704CD /* TickTask.xcdatamodeld in Sources */,
				4678BBF82C3D3F39003D8259 /* TaskNameAndDescriptionBoxView.swift in Sources */,
				4678BBF22C3B38ED003D8259 /* DayBoxView.swift in Sources */,
				46FAD7782C341ACD009704CD /* TaskListView.swift in Sources */,
				4678BBF62C3D3D39003D8259 /* TimeBoxView.swift in Sources */,
				468714C02C3DA513003DCD57 /* AppButton.swift in Sources */,
			);
			runOnlyForDeploymentPostprocessing = 0;
		};
/* End PBXSourcesBuildPhase section */

/* Begin XCBuildConfiguration section */
		46FAD7622C314AD3009704CD /* Debug */ = {
			isa = XCBuildConfiguration;
			buildSettings = {
				ALWAYS_SEARCH_USER_PATHS = NO;
				ASSETCATALOG_COMPILER_GENERATE_SWIFT_ASSET_SYMBOL_EXTENSIONS = YES;
				CLANG_ANALYZER_NONNULL = YES;
				CLANG_ANALYZER_NUMBER_OBJECT_CONVERSION = YES_AGGRESSIVE;
				CLANG_CXX_LANGUAGE_STANDARD = "gnu++20";
				CLANG_ENABLE_MODULES = YES;
				CLANG_ENABLE_OBJC_ARC = YES;
				CLANG_ENABLE_OBJC_WEAK = YES;
				CLANG_WARN_BLOCK_CAPTURE_AUTORELEASING = YES;
				CLANG_WARN_BOOL_CONVERSION = YES;
				CLANG_WARN_COMMA = YES;
				CLANG_WARN_CONSTANT_CONVERSION = YES;
				CLANG_WARN_DEPRECATED_OBJC_IMPLEMENTATIONS = YES;
				CLANG_WARN_DIRECT_OBJC_ISA_USAGE = YES_ERROR;
				CLANG_WARN_DOCUMENTATION_COMMENTS = YES;
				CLANG_WARN_EMPTY_BODY = YES;
				CLANG_WARN_ENUM_CONVERSION = YES;
				CLANG_WARN_INFINITE_RECURSION = YES;
				CLANG_WARN_INT_CONVERSION = YES;
				CLANG_WARN_NON_LITERAL_NULL_CONVERSION = YES;
				CLANG_WARN_OBJC_IMPLICIT_RETAIN_SELF = YES;
				CLANG_WARN_OBJC_LITERAL_CONVERSION = YES;
				CLANG_WARN_OBJC_ROOT_CLASS = YES_ERROR;
				CLANG_WARN_QUOTED_INCLUDE_IN_FRAMEWORK_HEADER = YES;
				CLANG_WARN_RANGE_LOOP_ANALYSIS = YES;
				CLANG_WARN_STRICT_PROTOTYPES = YES;
				CLANG_WARN_SUSPICIOUS_MOVE = YES;
				CLANG_WARN_UNGUARDED_AVAILABILITY = YES_AGGRESSIVE;
				CLANG_WARN_UNREACHABLE_CODE = YES;
				CLANG_WARN__DUPLICATE_METHOD_MATCH = YES;
				COPY_PHASE_STRIP = NO;
				DEBUG_INFORMATION_FORMAT = dwarf;
				ENABLE_STRICT_OBJC_MSGSEND = YES;
				ENABLE_TESTABILITY = YES;
				ENABLE_USER_SCRIPT_SANDBOXING = YES;
				GCC_C_LANGUAGE_STANDARD = gnu17;
				GCC_DYNAMIC_NO_PIC = NO;
				GCC_NO_COMMON_BLOCKS = YES;
				GCC_OPTIMIZATION_LEVEL = 0;
				GCC_PREPROCESSOR_DEFINITIONS = (
					"DEBUG=1",
					"$(inherited)",
				);
				GCC_WARN_64_TO_32_BIT_CONVERSION = YES;
				GCC_WARN_ABOUT_RETURN_TYPE = YES_ERROR;
				GCC_WARN_UNDECLARED_SELECTOR = YES;
				GCC_WARN_UNINITIALIZED_AUTOS = YES_AGGRESSIVE;
				GCC_WARN_UNUSED_FUNCTION = YES;
				GCC_WARN_UNUSED_VARIABLE = YES;
				IPHONEOS_DEPLOYMENT_TARGET = 17.5;
				LOCALIZATION_PREFERS_STRING_CATALOGS = YES;
				MTL_ENABLE_DEBUG_INFO = INCLUDE_SOURCE;
				MTL_FAST_MATH = YES;
				ONLY_ACTIVE_ARCH = YES;
				SDKROOT = iphoneos;
				SWIFT_ACTIVE_COMPILATION_CONDITIONS = "DEBUG $(inherited)";
				SWIFT_OPTIMIZATION_LEVEL = "-Onone";
			};
			name = Debug;
		};
		46FAD7632C314AD3009704CD /* Release */ = {
			isa = XCBuildConfiguration;
			buildSettings = {
				ALWAYS_SEARCH_USER_PATHS = NO;
				ASSETCATALOG_COMPILER_GENERATE_SWIFT_ASSET_SYMBOL_EXTENSIONS = YES;
				CLANG_ANALYZER_NONNULL = YES;
				CLANG_ANALYZER_NUMBER_OBJECT_CONVERSION = YES_AGGRESSIVE;
				CLANG_CXX_LANGUAGE_STANDARD = "gnu++20";
				CLANG_ENABLE_MODULES = YES;
				CLANG_ENABLE_OBJC_ARC = YES;
				CLANG_ENABLE_OBJC_WEAK = YES;
				CLANG_WARN_BLOCK_CAPTURE_AUTORELEASING = YES;
				CLANG_WARN_BOOL_CONVERSION = YES;
				CLANG_WARN_COMMA = YES;
				CLANG_WARN_CONSTANT_CONVERSION = YES;
				CLANG_WARN_DEPRECATED_OBJC_IMPLEMENTATIONS = YES;
				CLANG_WARN_DIRECT_OBJC_ISA_USAGE = YES_ERROR;
				CLANG_WARN_DOCUMENTATION_COMMENTS = YES;
				CLANG_WARN_EMPTY_BODY = YES;
				CLANG_WARN_ENUM_CONVERSION = YES;
				CLANG_WARN_INFINITE_RECURSION = YES;
				CLANG_WARN_INT_CONVERSION = YES;
				CLANG_WARN_NON_LITERAL_NULL_CONVERSION = YES;
				CLANG_WARN_OBJC_IMPLICIT_RETAIN_SELF = YES;
				CLANG_WARN_OBJC_LITERAL_CONVERSION = YES;
				CLANG_WARN_OBJC_ROOT_CLASS = YES_ERROR;
				CLANG_WARN_QUOTED_INCLUDE_IN_FRAMEWORK_HEADER = YES;
				CLANG_WARN_RANGE_LOOP_ANALYSIS = YES;
				CLANG_WARN_STRICT_PROTOTYPES = YES;
				CLANG_WARN_SUSPICIOUS_MOVE = YES;
				CLANG_WARN_UNGUARDED_AVAILABILITY = YES_AGGRESSIVE;
				CLANG_WARN_UNREACHABLE_CODE = YES;
				CLANG_WARN__DUPLICATE_METHOD_MATCH = YES;
				COPY_PHASE_STRIP = NO;
				DEBUG_INFORMATION_FORMAT = "dwarf-with-dsym";
				ENABLE_NS_ASSERTIONS = NO;
				ENABLE_STRICT_OBJC_MSGSEND = YES;
				ENABLE_USER_SCRIPT_SANDBOXING = YES;
				GCC_C_LANGUAGE_STANDARD = gnu17;
				GCC_NO_COMMON_BLOCKS = YES;
				GCC_WARN_64_TO_32_BIT_CONVERSION = YES;
				GCC_WARN_ABOUT_RETURN_TYPE = YES_ERROR;
				GCC_WARN_UNDECLARED_SELECTOR = YES;
				GCC_WARN_UNINITIALIZED_AUTOS = YES_AGGRESSIVE;
				GCC_WARN_UNUSED_FUNCTION = YES;
				GCC_WARN_UNUSED_VARIABLE = YES;
				IPHONEOS_DEPLOYMENT_TARGET = 17.5;
				LOCALIZATION_PREFERS_STRING_CATALOGS = YES;
				MTL_ENABLE_DEBUG_INFO = NO;
				MTL_FAST_MATH = YES;
				SDKROOT = iphoneos;
				SWIFT_COMPILATION_MODE = wholemodule;
				VALIDATE_PRODUCT = YES;
			};
			name = Release;
		};
		46FAD7652C314AD3009704CD /* Debug */ = {
			isa = XCBuildConfiguration;
			buildSettings = {
				ASSETCATALOG_COMPILER_APPICON_NAME = AppIcon;
				ASSETCATALOG_COMPILER_GLOBAL_ACCENT_COLOR_NAME = AccentColor;
				CODE_SIGN_STYLE = Automatic;
				CURRENT_PROJECT_VERSION = 1;
				DEVELOPMENT_ASSET_PATHS = "\"Tick Task/Preview Content\"";
				DEVELOPMENT_TEAM = DXR5DNXSQL;
				ENABLE_PREVIEWS = YES;
				GENERATE_INFOPLIST_FILE = YES;
				INFOPLIST_KEY_UIApplicationSceneManifest_Generation = YES;
				INFOPLIST_KEY_UIApplicationSupportsIndirectInputEvents = YES;
				INFOPLIST_KEY_UILaunchScreen_Generation = YES;
				INFOPLIST_KEY_UISupportedInterfaceOrientations_iPad = "UIInterfaceOrientationPortrait UIInterfaceOrientationPortraitUpsideDown UIInterfaceOrientationLandscapeLeft UIInterfaceOrientationLandscapeRight";
				INFOPLIST_KEY_UISupportedInterfaceOrientations_iPhone = "UIInterfaceOrientationPortrait UIInterfaceOrientationLandscapeLeft UIInterfaceOrientationLandscapeRight";
				LD_RUNPATH_SEARCH_PATHS = (
					"$(inherited)",
					"@executable_path/Frameworks",
				);
				MARKETING_VERSION = 1.0;
				PRODUCT_BUNDLE_IDENTIFIER = "co.ybkocaman.Tick-Task";
				PRODUCT_NAME = "$(TARGET_NAME)";
				SWIFT_EMIT_LOC_STRINGS = YES;
				SWIFT_VERSION = 5.0;
				TARGETED_DEVICE_FAMILY = "1,2";
			};
			name = Debug;
		};
		46FAD7662C314AD3009704CD /* Release */ = {
			isa = XCBuildConfiguration;
			buildSettings = {
				ASSETCATALOG_COMPILER_APPICON_NAME = AppIcon;
				ASSETCATALOG_COMPILER_GLOBAL_ACCENT_COLOR_NAME = AccentColor;
				CODE_SIGN_STYLE = Automatic;
				CURRENT_PROJECT_VERSION = 1;
				DEVELOPMENT_ASSET_PATHS = "\"Tick Task/Preview Content\"";
				DEVELOPMENT_TEAM = DXR5DNXSQL;
				ENABLE_PREVIEWS = YES;
				GENERATE_INFOPLIST_FILE = YES;
				INFOPLIST_KEY_UIApplicationSceneManifest_Generation = YES;
				INFOPLIST_KEY_UIApplicationSupportsIndirectInputEvents = YES;
				INFOPLIST_KEY_UILaunchScreen_Generation = YES;
				INFOPLIST_KEY_UISupportedInterfaceOrientations_iPad = "UIInterfaceOrientationPortrait UIInterfaceOrientationPortraitUpsideDown UIInterfaceOrientationLandscapeLeft UIInterfaceOrientationLandscapeRight";
				INFOPLIST_KEY_UISupportedInterfaceOrientations_iPhone = "UIInterfaceOrientationPortrait UIInterfaceOrientationLandscapeLeft UIInterfaceOrientationLandscapeRight";
				LD_RUNPATH_SEARCH_PATHS = (
					"$(inherited)",
					"@executable_path/Frameworks",
				);
				MARKETING_VERSION = 1.0;
				PRODUCT_BUNDLE_IDENTIFIER = "co.ybkocaman.Tick-Task";
				PRODUCT_NAME = "$(TARGET_NAME)";
				SWIFT_EMIT_LOC_STRINGS = YES;
				SWIFT_VERSION = 5.0;
				TARGETED_DEVICE_FAMILY = "1,2";
			};
			name = Release;
		};
/* End XCBuildConfiguration section */

/* Begin XCConfigurationList section */
		46FAD7512C314AD1009704CD /* Build configuration list for PBXProject "Tick Task" */ = {
			isa = XCConfigurationList;
			buildConfigurations = (
				46FAD7622C314AD3009704CD /* Debug */,
				46FAD7632C314AD3009704CD /* Release */,
			);
			defaultConfigurationIsVisible = 0;
			defaultConfigurationName = Release;
		};
		46FAD7642C314AD3009704CD /* Build configuration list for PBXNativeTarget "Tick Task" */ = {
			isa = XCConfigurationList;
			buildConfigurations = (
				46FAD7652C314AD3009704CD /* Debug */,
				46FAD7662C314AD3009704CD /* Release */,
			);
			defaultConfigurationIsVisible = 0;
			defaultConfigurationName = Release;
		};
/* End XCConfigurationList section */

/* Begin XCVersionGroup section */
		46FAD7722C319DEE009704CD /* TickTask.xcdatamodeld */ = {
			isa = XCVersionGroup;
			children = (
				46FAD7732C319DEE009704CD /* TickTask.xcdatamodel */,
			);
			currentVersion = 46FAD7732C319DEE009704CD /* TickTask.xcdatamodel */;
			path = TickTask.xcdatamodeld;
			sourceTree = "<group>";
			versionGroupType = wrapper.xcdatamodel;
		};
/* End XCVersionGroup section */
	};
	rootObject = 46FAD74E2C314AD1009704CD /* Project object */;
}
